github.com/Bugs5382/go-apperr v1.2.0 h1:0Enl1V+v3VPptCGN4g149RNl5AYbt3qxVH7DeAQlw7k=
github.com/Bugs5382/go-apperr v1.2.0/go.mod h1:4kzGmhaC5tcPDskwAi8HIRDKSkMrJdvOUxik9Uuij1k=
github.com/Bugs5382/go-authz v1.0.0 h1:I8BRm53nJX2GGc2+A/eNaIOrYwp7YYYXMFHOmP+fEhM=
github.com/Bugs5382/go-authz v1.0.0/go.mod h1:H0c0JA7yIZ+4jcf8hXUB1GkASJ7sf5OuhwBxBqV/Asc=
